# This file is automatically @generated by Cargo.
# It is not intended for manual editing.
version = 4

[[package]]
name = "compcol"
version = "0.6.11"
source = "registry+https://github.com/rust-lang/crates.io-index"
checksum = "f6f29da98742f258743e8bb44b09f0cc1cbca2591e709b1bb85ccd6e9111f431"

[[package]]
name = "silo-cbr-native"
version = "0.1.0"
dependencies = [
 "compcol",
]
